Microsoft Visual Studio Solution File, Format Version 11.00
# Visual Studio 2008

Project("{412177A3-6E7C-FC62-2E4D-BE6A0096592F}") = "wz_client", "Assembly-CSharp.csproj", "{D318965E-8257-59FF-F8E7-4401F4ACC442}"
EndProject
Global
	GlobalSection(SolutionConfigurationPlatforms) = preSolution
		Debug|Any CPU = Debug|Any CPU
		Release|Any CPU = Release|Any CPU
	EndGlobalSection
	GlobalSection(ProjectConfigurationPlatforms) = postSolution
		{D318965E-8257-59FF-F8E7-4401F4ACC442}.Debug|Any CPU.ActiveCfg = Debug|Any CPU
		{D318965E-8257-59FF-F8E7-4401F4ACC442}.Debug|Any CPU.Build.0 = Debug|Any CPU
		{D318965E-8257-59FF-F8E7-4401F4ACC442}.Release|Any CPU.ActiveCfg = Release|Any CPU
		{D318965E-8257-59FF-F8E7-4401F4ACC442}.Release|Any CPU.Build.0 = Release|Any CPU
	EndGlobalSection
	GlobalSection(SolutionProperties) = preSolution
		HideSolutionNode = FALSE
	EndGlobalSection
	GlobalSection(MonoDevelopProperties) = preSolution
		StartupItem = Assembly-CSharp.csproj
	EndGlobalSection
EndGlobal
