
Microsoft Visual Studio Solution File, Format Version 12.00
# Visual Studio 2017
Project("{FAE04EC0-301F-11D3-BF4B-00C04F79EFBC}") = "godsg.Plugins", "godsg.Plugins.csproj", "{B3D11BD3-DB77-F453-F85C-B58016C2529F}"
EndProject
Project("{FAE04EC0-301F-11D3-BF4B-00C04F79EFBC}") = "godsg", "godsg.csproj", "{0194FE73-FFFA-B118-287C-33D49363C147}"
EndProject
Project("{FAE04EC0-301F-11D3-BF4B-00C04F79EFBC}") = "godsg.Editor", "godsg.Editor.csproj", "{339E8F42-DC8F-1226-20D0-F47D96FE620E}"
EndProject
Global
	GlobalSection(SolutionConfigurationPlatforms) = preSolution
		Debug|Any CPU = Debug|Any CPU
		Release|Any CPU = Release|Any CPU
	EndGlobalSection
	GlobalSection(ProjectConfigurationPlatforms) = postSolution
		{B3D11BD3-DB77-F453-F85C-B58016C2529F}.Debug|Any CPU.ActiveCfg = Debug|Any CPU
		{B3D11BD3-DB77-F453-F85C-B58016C2529F}.Debug|Any CPU.Build.0 = Debug|Any CPU
		{B3D11BD3-DB77-F453-F85C-B58016C2529F}.Release|Any CPU.ActiveCfg = Release|Any CPU
		{B3D11BD3-DB77-F453-F85C-B58016C2529F}.Release|Any CPU.Build.0 = Release|Any CPU
		{0194FE73-FFFA-B118-287C-33D49363C147}.Debug|Any CPU.ActiveCfg = Debug|Any CPU
		{0194FE73-FFFA-B118-287C-33D49363C147}.Debug|Any CPU.Build.0 = Debug|Any CPU
		{0194FE73-FFFA-B118-287C-33D49363C147}.Release|Any CPU.ActiveCfg = Release|Any CPU
		{0194FE73-FFFA-B118-287C-33D49363C147}.Release|Any CPU.Build.0 = Release|Any CPU
		{339E8F42-DC8F-1226-20D0-F47D96FE620E}.Debug|Any CPU.ActiveCfg = Debug|Any CPU
		{339E8F42-DC8F-1226-20D0-F47D96FE620E}.Debug|Any CPU.Build.0 = Debug|Any CPU
		{339E8F42-DC8F-1226-20D0-F47D96FE620E}.Release|Any CPU.ActiveCfg = Release|Any CPU
		{339E8F42-DC8F-1226-20D0-F47D96FE620E}.Release|Any CPU.Build.0 = Release|Any CPU
	EndGlobalSection
	GlobalSection(SolutionProperties) = preSolution
		HideSolutionNode = FALSE
	EndGlobalSection
EndGlobal
